
Microsoft Visual Studio Solution File, Format Version 12.00
# Visual Studio 15
VisualStudioVersion = 15.0.28010.2048
MinimumVisualStudioVersion = 10.0.40219.1
Project("{FAE04EC0-301F-11D3-BF4B-00C04F79EFBC}") = "DataLayer", "DataLayer\DataLayer.csproj", "{CECDA738-E3AB-4075-8E5B-878F8AA0D705}"
EndProject
Project("{FAE04EC0-301F-11D3-BF4B-00C04F79EFBC}") = "Services", "Services\Services.csproj", "{70EB3462-C823-4FC9-A513-8D3374AEB206}"
EndProject
Project("{FAE04EC0-301F-11D3-BF4B-00C04F79EFBC}") = "Tests", "Tests\Tests.csproj", "{2639BBBD-5837-48A0-8749-CD1C3985F545}"
EndProject
Global
	GlobalSection(SolutionConfigurationPlatforms) = preSolution
		Debug|Any CPU = Debug|Any CPU
		Release|Any CPU = Release|Any CPU
	EndGlobalSection
	GlobalSection(ProjectConfigurationPlatforms) = postSolution
		{CECDA738-E3AB-4075-8E5B-878F8AA0D705}.Debug|Any CPU.ActiveCfg = Debug|Any CPU
		{CECDA738-E3AB-4075-8E5B-878F8AA0D705}.Debug|Any CPU.Build.0 = Debug|Any CPU
		{CECDA738-E3AB-4075-8E5B-878F8AA0D705}.Release|Any CPU.ActiveCfg = Release|Any CPU
		{CECDA738-E3AB-4075-8E5B-878F8AA0D705}.Release|Any CPU.Build.0 = Release|Any CPU
		{70EB3462-C823-4FC9-A513-8D3374AEB206}.Debug|Any CPU.ActiveCfg = Debug|Any CPU
		{70EB3462-C823-4FC9-A513-8D3374AEB206}.Debug|Any CPU.Build.0 = Debug|Any CPU
		{70EB3462-C823-4FC9-A513-8D3374AEB206}.Release|Any CPU.ActiveCfg = Release|Any CPU
		{70EB3462-C823-4FC9-A513-8D3374AEB206}.Release|Any CPU.Build.0 = Release|Any CPU
		{2639BBBD-5837-48A0-8749-CD1C3985F545}.Debug|Any CPU.ActiveCfg = Debug|Any CPU
		{2639BBBD-5837-48A0-8749-CD1C3985F545}.Debug|Any CPU.Build.0 = Debug|Any CPU
		{2639BBBD-5837-48A0-8749-CD1C3985F545}.Release|Any CPU.ActiveCfg = Release|Any CPU
		{2639BBBD-5837-48A0-8749-CD1C3985F545}.Release|Any CPU.Build.0 = Release|Any CPU
	EndGlobalSection
	GlobalSection(SolutionProperties) = preSolution
		HideSolutionNode = FALSE
	EndGlobalSection
	GlobalSection(ExtensibilityGlobals) = postSolution
		SolutionGuid = {E06A54C5-AD30-4A84-9D09-A985E423874B}
	EndGlobalSection
EndGlobal
